// !$*UTF8*$!
{
	archiveVersion = 1;
	classes = {
	};
	objectVersion = 50;
	objects = {

/* Begin PBXBuildFile section */
		0D20AF1723D62E4B00D8090B /* AppDelegate.swift in Sources */ = {isa = PBXBuildFile; fileRef = 0D20AF1623D62E4B00D8090B /* AppDelegate.swift */; };
		0D20AF1B23D62E4B00D8090B /* HomeViewController.swift in Sources */ = {isa = PBXBuildFile; fileRef = 0D20AF1A23D62E4B00D8090B /* HomeViewController.swift */; };
		0D20AF1D23D62E4D00D8090B /* Assets.xcassets in Resources */ = {isa = PBXBuildFile; fileRef = 0D20AF1C23D62E4D00D8090B /* Assets.xcassets */; };
		0D20AF2023D62E4D00D8090B /* Preview Assets.xcassets in Resources */ = {isa = PBXBuildFile; fileRef = 0D20AF1F23D62E4D00D8090B /* Preview Assets.xcassets */; };
		0D20AF2323D62E4D00D8090B /* LaunchScreen.storyboard in Resources */ = {isa = PBXBuildFile; fileRef = 0D20AF2123D62E4D00D8090B /* LaunchScreen.storyboard */; };
		0D20AF2B23D6319D00D8090B /* TVCell.swift in Sources */ = {isa = PBXBuildFile; fileRef = 0D20AF2A23D6319D00D8090B /* TVCell.swift */; };
		0D22C0CA23D74C000021BC8C /* TVItem.swift in Sources */ = {isa = PBXBuildFile; fileRef = 0D22C0C923D74C000021BC8C /* TVItem.swift */; };
		0D23E88923DF37C20014D6E1 /* SearchCollection.swift in Sources */ = {isa = PBXBuildFile; fileRef = 0D23E88823DF37C20014D6E1 /* SearchCollection.swift */; };
		0D23E88B23DF51D20014D6E1 /* SearchViewController.swift in Sources */ = {isa = PBXBuildFile; fileRef = 0D23E88A23DF51D20014D6E1 /* SearchViewController.swift */; };
		0D245A8F23E9FBEE00FC3D44 /* RatingView.swift in Sources */ = {isa = PBXBuildFile; fileRef = 0D245A8E23E9FBEE00FC3D44 /* RatingView.swift */; };
		0DB4B56E23D8B9A200C3DC78 /* Request.swift in Sources */ = {isa = PBXBuildFile; fileRef = 0DB4B56D23D8B9A200C3DC78 /* Request.swift */; };
		0DB4B57023D8ED3100C3DC78 /* DetailViewController.swift in Sources */ = {isa = PBXBuildFile; fileRef = 0DB4B56F23D8ED3100C3DC78 /* DetailViewController.swift */; };
		0DD9E86923DB57CD009191D7 /* TVCollection.swift in Sources */ = {isa = PBXBuildFile; fileRef = 0DD9E86823DB57CD009191D7 /* TVCollection.swift */; };
		0DD9E86B23DB7647009191D7 /* BrowseViewController.swift in Sources */ = {isa = PBXBuildFile; fileRef = 0DD9E86A23DB7647009191D7 /* BrowseViewController.swift */; };
		0DEFDD0723E1DD31008A73DA /* FavoritesViewController.swift in Sources */ = {isa = PBXBuildFile; fileRef = 0DEFDD0623E1DD31008A73DA /* FavoritesViewController.swift */; };
		0DEFDD0923E1DF30008A73DA /* FavoritesCollection.swift in Sources */ = {isa = PBXBuildFile; fileRef = 0DEFDD0823E1DF30008A73DA /* FavoritesCollection.swift */; };
		0DF8A1F023E0824A0092DFA1 /* CollectionType.swift in Sources */ = {isa = PBXBuildFile; fileRef = 0DF8A1EF23E0824A0092DFA1 /* CollectionType.swift */; };
		0DF8A1F223E082C30092DFA1 /* DetailView.swift in Sources */ = {isa = PBXBuildFile; fileRef = 0DF8A1F123E082C30092DFA1 /* DetailView.swift */; };
		0DF8A1F623E0B8EC0092DFA1 /* SceneDelegate.swift in Sources */ = {isa = PBXBuildFile; fileRef = 0DF8A1F523E0B8EC0092DFA1 /* SceneDelegate.swift */; };
		0DF8A1F823E0D0070092DFA1 /* NavigationDelegate.swift in Sources */ = {isa = PBXBuildFile; fileRef = 0DF8A1F723E0D0070092DFA1 /* NavigationDelegate.swift */; };
/* End PBXBuildFile section */

/* Begin PBXFileReference section */
		0D20AF1323D62E4B00D8090B /* WayMovies.app */ = {isa = PBXFileReference; explicitFileType = wrapper.application; includeInIndex = 0; path = WayMovies.app; sourceTree = BUILT_PRODUCTS_DIR; };
		0D20AF1623D62E4B00D8090B /* AppDelegate.swift */ = {isa = PBXFileReference; lastKnownFileType = sourcecode.swift; path = AppDelegate.swift; sourceTree = "<group>"; };
		0D20AF1A23D62E4B00D8090B /* HomeViewController.swift */ = {isa = PBXFileReference; lastKnownFileType = sourcecode.swift; path = HomeViewController.swift; sourceTree = "<group>"; };
		0D20AF1C23D62E4D00D8090B /* Assets.xcassets */ = {isa = PBXFileReference; lastKnownFileType = folder.assetcatalog; path = Assets.xcassets; sourceTree = "<group>"; };
		0D20AF1F23D62E4D00D8090B /* Preview Assets.xcassets */ = {isa = PBXFileReference; lastKnownFileType = folder.assetcatalog; path = "Preview Assets.xcassets"; sourceTree = "<group>"; };
		0D20AF2223D62E4D00D8090B /* Base */ = {isa = PBXFileReference; lastKnownFileType = file.storyboard; name = Base; path = Base.lproj/LaunchScreen.storyboard; sourceTree = "<group>"; };
		0D20AF2423D62E4D00D8090B /* Info.plist */ = {isa = PBXFileReference; lastKnownFileType = text.plist.xml; path = Info.plist; sourceTree = "<group>"; };
		0D20AF2A23D6319D00D8090B /* TVCell.swift */ = {isa = PBXFileReference; lastKnownFileType = sourcecode.swift; path = TVCell.swift; sourceTree = "<group>"; };
		0D22C0C923D74C000021BC8C /* TVItem.swift */ = {isa = PBXFileReference; lastKnownFileType = sourcecode.swift; path = TVItem.swift; sourceTree = "<group>"; };
		0D23E88823DF37C20014D6E1 /* SearchCollection.swift */ = {isa = PBXFileReference; lastKnownFileType = sourcecode.swift; path = SearchCollection.swift; sourceTree = "<group>"; };
		0D23E88A23DF51D20014D6E1 /* SearchViewController.swift */ = {isa = PBXFileReference; lastKnownFileType = sourcecode.swift; path = SearchViewController.swift; sourceTree = "<group>"; };
		0D245A8E23E9FBEE00FC3D44 /* RatingView.swift */ = {isa = PBXFileReference; lastKnownFileType = sourcecode.swift; path = RatingView.swift; sourceTree = "<group>"; };
		0DB4B56D23D8B9A200C3DC78 /* Request.swift */ = {isa = PBXFileReference; lastKnownFileType = sourcecode.swift; path = Request.swift; sourceTree = "<group>"; };
		0DB4B56F23D8ED3100C3DC78 /* DetailViewController.swift */ = {isa = PBXFileReference; lastKnownFileType = sourcecode.swift; path = DetailViewController.swift; sourceTree = "<group>"; };
		0DD9E86823DB57CD009191D7 /* TVCollection.swift */ = {isa = PBXFileReference; lastKnownFileType = sourcecode.swift; path = TVCollection.swift; sourceTree = "<group>"; };
		0DD9E86A23DB7647009191D7 /* BrowseViewController.swift */ = {isa = PBXFileReference; lastKnownFileType = sourcecode.swift; path = BrowseViewController.swift; sourceTree = "<group>"; };
		0DEFDD0623E1DD31008A73DA /* FavoritesViewController.swift */ = {isa = PBXFileReference; lastKnownFileType = sourcecode.swift; path = FavoritesViewController.swift; sourceTree = "<group>"; };
		0DEFDD0823E1DF30008A73DA /* FavoritesCollection.swift */ = {isa = PBXFileReference; lastKnownFileType = sourcecode.swift; path = FavoritesCollection.swift; sourceTree = "<group>"; };
		0DF8A1EF23E0824A0092DFA1 /* CollectionType.swift */ = {isa = PBXFileReference; lastKnownFileType = sourcecode.swift; path = CollectionType.swift; sourceTree = "<group>"; };
		0DF8A1F123E082C30092DFA1 /* DetailView.swift */ = {isa = PBXFileReference; lastKnownFileType = sourcecode.swift; path = DetailView.swift; sourceTree = "<group>"; };
		0DF8A1F523E0B8EC0092DFA1 /* SceneDelegate.swift */ = {isa = PBXFileReference; fileEncoding = 4; lastKnownFileType = sourcecode.swift; path = SceneDelegate.swift; sourceTree = "<group>"; };
		0DF8A1F723E0D0070092DFA1 /* NavigationDelegate.swift */ = {isa = PBXFileReference; lastKnownFileType = sourcecode.swift; path = NavigationDelegate.swift; sourceTree = "<group>"; };
/* End PBXFileReference section */

/* Begin PBXFrameworksBuildPhase section */
		0D20AF1023D62E4B00D8090B /* Frameworks */ = {
			isa = PBXFrameworksBuildPhase;
			buildActionMask = 2147483647;
			files = (
			);
			runOnlyForDeploymentPostprocessing = 0;
		};
/* End PBXFrameworksBuildPhase section */

/* Begin PBXGroup section */
		0D20AF0A23D62E4B00D8090B = {
			isa = PBXGroup;
			children = (
				0D20AF1523D62E4B00D8090B /* WayMovies */,
				0D20AF1423D62E4B00D8090B /* Products */,
			);
			sourceTree = "<group>";
		};
		0D20AF1423D62E4B00D8090B /* Products */ = {
			isa = PBXGroup;
			children = (
				0D20AF1323D62E4B00D8090B /* WayMovies.app */,
			);
			name = Products;
			sourceTree = "<group>";
		};
		0D20AF1523D62E4B00D8090B /* WayMovies */ = {
			isa = PBXGroup;
			children = (
				0DEFDD0A23E20B56008A73DA /* Icons */,
				0D20AF1623D62E4B00D8090B /* AppDelegate.swift */,
				0DF8A1F523E0B8EC0092DFA1 /* SceneDelegate.swift */,
				0DF8A1FA23E0DA710092DFA1 /* Controller */,
				0D20AF1C23D62E4D00D8090B /* Assets.xcassets */,
				0D20AF2123D62E4D00D8090B /* LaunchScreen.storyboard */,
				0D20AF2423D62E4D00D8090B /* Info.plist */,
				0DF8A1FB23E0DA960092DFA1 /* View */,
				0DF8A1FC23E0DAB40092DFA1 /* Model */,
				0D20AF1E23D62E4D00D8090B /* Preview Content */,
			);
			path = WayMovies;
			sourceTree = "<group>";
		};
		0D20AF1E23D62E4D00D8090B /* Preview Content */ = {
			isa = PBXGroup;
			children = (
				0D20AF1F23D62E4D00D8090B /* Preview Assets.xcassets */,
			);
			path = "Preview Content";
			sourceTree = "<group>";
		};
		0DEFDD0A23E20B56008A73DA /* Icons */ = {
			isa = PBXGroup;
			children = (
			);
			path = Icons;
			sourceTree = "<group>";
		};
		0DF8A1FA23E0DA710092DFA1 /* Controller */ = {
			isa = PBXGroup;
			children = (
				0D20AF1A23D62E4B00D8090B /* HomeViewController.swift */,
				0DEFDD0623E1DD31008A73DA /* FavoritesViewController.swift */,
				0D23E88A23DF51D20014D6E1 /* SearchViewController.swift */,
				0DB4B56F23D8ED3100C3DC78 /* DetailViewController.swift */,
				0DD9E86A23DB7647009191D7 /* BrowseViewController.swift */,
				0DF8A1F723E0D0070092DFA1 /* NavigationDelegate.swift */,
			);
			path = Controller;
			sourceTree = "<group>";
		};
		0DF8A1FB23E0DA960092DFA1 /* View */ = {
			isa = PBXGroup;
			children = (
				0DF8A1F123E082C30092DFA1 /* DetailView.swift */,
				0D20AF2A23D6319D00D8090B /* TVCell.swift */,
				0DD9E86823DB57CD009191D7 /* TVCollection.swift */,
				0D23E88823DF37C20014D6E1 /* SearchCollection.swift */,
				0DEFDD0823E1DF30008A73DA /* FavoritesCollection.swift */,
				0D245A8E23E9FBEE00FC3D44 /* RatingView.swift */,
				0DF8A1EF23E0824A0092DFA1 /* CollectionType.swift */,
			);
			path = View;
			sourceTree = "<group>";
		};
		0DF8A1FC23E0DAB40092DFA1 /* Model */ = {
			isa = PBXGroup;
			children = (
				0D22C0C923D74C000021BC8C /* TVItem.swift */,
				0DB4B56D23D8B9A200C3DC78 /* Request.swift */,
			);
			path = Model;
			sourceTree = "<group>";
		};
/* End PBXGroup section */

/* Begin PBXNativeTarget section */
		0D20AF1223D62E4B00D8090B /* WayMovies */ = {
			isa = PBXNativeTarget;
			buildConfigurationList = 0D20AF2723D62E4D00D8090B /* Build configuration list for PBXNativeTarget "WayMovies" */;
			buildPhases = (
				0D20AF0F23D62E4B00D8090B /* Sources */,
				0D20AF1023D62E4B00D8090B /* Frameworks */,
				0D20AF1123D62E4B00D8090B /* Resources */,
			);
			buildRules = (
			);
			dependencies = (
			);
			name = WayMovies;
			productName = WayMovies;
			productReference = 0D20AF1323D62E4B00D8090B /* WayMovies.app */;
			productType = "com.apple.product-type.application";
		};
/* End PBXNativeTarget section */

/* Begin PBXProject section */
		0D20AF0B23D62E4B00D8090B /* Project object */ = {
			isa = PBXProject;
			attributes = {
				LastSwiftUpdateCheck = 1130;
				LastUpgradeCheck = 1130;
				ORGANIZATIONNAME = "Hersh Nagpal";
				TargetAttributes = {
					0D20AF1223D62E4B00D8090B = {
						CreatedOnToolsVersion = 11.3;
					};
				};
			};
			buildConfigurationList = 0D20AF0E23D62E4B00D8090B /* Build configuration list for PBXProject "WayMovies" */;
			compatibilityVersion = "Xcode 9.3";
			developmentRegion = en;
			hasScannedForEncodings = 0;
			knownRegions = (
				en,
				Base,
			);
			mainGroup = 0D20AF0A23D62E4B00D8090B;
			productRefGroup = 0D20AF1423D62E4B00D8090B /* Products */;
			projectDirPath = "";
			projectRoot = "";
			targets = (
				0D20AF1223D62E4B00D8090B /* WayMovies */,
			);
		};
/* End PBXProject section */

/* Begin PBXResourcesBuildPhase section */
		0D20AF1123D62E4B00D8090B /* Resources */ = {
			isa = PBXResourcesBuildPhase;
			buildActionMask = 2147483647;
			files = (
				0D20AF2323D62E4D00D8090B /* LaunchScreen.storyboard in Resources */,
				0D20AF2023D62E4D00D8090B /* Preview Assets.xcassets in Resources */,
				0D20AF1D23D62E4D00D8090B /* Assets.xcassets in Resources */,
			);
			runOnlyForDeploymentPostprocessing = 0;
		};
/* End PBXResourcesBuildPhase section */

/* Begin PBXSourcesBuildPhase section */
		0D20AF0F23D62E4B00D8090B /* Sources */ = {
			isa = PBXSourcesBuildPhase;
			buildActionMask = 2147483647;
			files = (
				0DD9E86923DB57CD009191D7 /* TVCollection.swift in Sources */,
				0DF8A1F823E0D0070092DFA1 /* NavigationDelegate.swift in Sources */,
				0DF8A1F023E0824A0092DFA1 /* CollectionType.swift in Sources */,
				0DEFDD0923E1DF30008A73DA /* FavoritesCollection.swift in Sources */,
				0D22C0CA23D74C000021BC8C /* TVItem.swift in Sources */,
				0D23E88923DF37C20014D6E1 /* SearchCollection.swift in Sources */,
				0DB4B56E23D8B9A200C3DC78 /* Request.swift in Sources */,
				0D20AF1723D62E4B00D8090B /* AppDelegate.swift in Sources */,
				0D20AF1B23D62E4B00D8090B /* HomeViewController.swift in Sources */,
				0DF8A1F623E0B8EC0092DFA1 /* SceneDelegate.swift in Sources */,
				0D20AF2B23D6319D00D8090B /* TVCell.swift in Sources */,
				0D245A8F23E9FBEE00FC3D44 /* RatingView.swift in Sources */,
				0DB4B57023D8ED3100C3DC78 /* DetailViewController.swift in Sources */,
				0DD9E86B23DB7647009191D7 /* BrowseViewController.swift in Sources */,
				0D23E88B23DF51D20014D6E1 /* SearchViewController.swift in Sources */,
				0DEFDD0723E1DD31008A73DA /* FavoritesViewController.swift in Sources */,
				0DF8A1F223E082C30092DFA1 /* DetailView.swift in Sources */,
			);
			runOnlyForDeploymentPostprocessing = 0;
		};
/* End PBXSourcesBuildPhase section */

/* Begin PBXVariantGroup section */
		0D20AF2123D62E4D00D8090B /* LaunchScreen.storyboard */ = {
			isa = PBXVariantGroup;
			children = (
				0D20AF2223D62E4D00D8090B /* Base */,
			);
			name = LaunchScreen.storyboard;
			sourceTree = "<group>";
		};
/* End PBXVariantGroup section */

/* Begin XCBuildConfiguration section */
		0D20AF2523D62E4D00D8090B /* Debug */ = {
			isa = XCBuildConfiguration;
			buildSettings = {
				ALWAYS_SEARCH_USER_PATHS = NO;
				CLANG_ANALYZER_NONNULL = YES;
				CLANG_ANALYZER_NUMBER_OBJECT_CONVERSION = YES_AGGRESSIVE;
				CLANG_CXX_LANGUAGE_STANDARD = "gnu++14";
				CLANG_CXX_LIBRARY = "libc++";
				CLANG_ENABLE_MODULES = YES;
				CLANG_ENABLE_OBJC_ARC = YES;
				CLANG_ENABLE_OBJC_WEAK = YES;
				CLANG_WARN_BLOCK_CAPTURE_AUTORELEASING = YES;
				CLANG_WARN_BOOL_CONVERSION = YES;
				CLANG_WARN_COMMA = YES;
				CLANG_WARN_CONSTANT_CONVERSION = YES;
				CLANG_WARN_DEPRECATED_OBJC_IMPLEMENTATIONS = YES;
				CLANG_WARN_DIRECT_OBJC_ISA_USAGE = YES_ERROR;
				CLANG_WARN_DOCUMENTATION_COMMENTS = YES;
				CLANG_WARN_EMPTY_BODY = YES;
				CLANG_WARN_ENUM_CONVERSION = YES;
				CLANG_WARN_INFINITE_RECURSION = YES;
				CLANG_WARN_INT_CONVERSION = YES;
				CLANG_WARN_NON_LITERAL_NULL_CONVERSION = YES;
				CLANG_WARN_OBJC_IMPLICIT_RETAIN_SELF = YES;
				CLANG_WARN_OBJC_LITERAL_CONVERSION = YES;
				CLANG_WARN_OBJC_ROOT_CLASS = YES_ERROR;
				CLANG_WARN_RANGE_LOOP_ANALYSIS = YES;
				CLANG_WARN_STRICT_PROTOTYPES = YES;
				CLANG_WARN_SUSPICIOUS_MOVE = YES;
				CLANG_WARN_UNGUARDED_AVAILABILITY = YES_AGGRESSIVE;
				CLANG_WARN_UNREACHABLE_CODE = YES;
				CLANG_WARN__DUPLICATE_METHOD_MATCH = YES;
				COPY_PHASE_STRIP = NO;
				DEBUG_INFORMATION_FORMAT = dwarf;
				ENABLE_STRICT_OBJC_MSGSEND = YES;
				ENABLE_TESTABILITY = YES;
				GCC_C_LANGUAGE_STANDARD = gnu11;
				GCC_DYNAMIC_NO_PIC = NO;
				GCC_NO_COMMON_BLOCKS = YES;
				GCC_OPTIMIZATION_LEVEL = 0;
				GCC_PREPROCESSOR_DEFINITIONS = (
					"DEBUG=1",
					"$(inherited)",
				);
				GCC_WARN_64_TO_32_BIT_CONVERSION = YES;
				GCC_WARN_ABOUT_RETURN_TYPE = YES_ERROR;
				GCC_WARN_UNDECLARED_SELECTOR = YES;
				GCC_WARN_UNINITIALIZED_AUTOS = YES_AGGRESSIVE;
				GCC_WARN_UNUSED_FUNCTION = YES;
				GCC_WARN_UNUSED_VARIABLE = YES;
				IPHONEOS_DEPLOYMENT_TARGET = 13.2;
				MTL_ENABLE_DEBUG_INFO = INCLUDE_SOURCE;
				MTL_FAST_MATH = YES;
				ONLY_ACTIVE_ARCH = YES;
				SDKROOT = iphoneos;
				SWIFT_ACTIVE_COMPILATION_CONDITIONS = DEBUG;
				SWIFT_OPTIMIZATION_LEVEL = "-Onone";
			};
			name = Debug;
		};
		0D20AF2623D62E4D00D8090B /* Release */ = {
			isa = XCBuildConfiguration;
			buildSettings = {
				ALWAYS_SEARCH_USER_PATHS = NO;
				CLANG_ANALYZER_NONNULL = YES;
				CLANG_ANALYZER_NUMBER_OBJECT_CONVERSION = YES_AGGRESSIVE;
				CLANG_CXX_LANGUAGE_STANDARD = "gnu++14";
				CLANG_CXX_LIBRARY = "libc++";
				CLANG_ENABLE_MODULES = YES;
				CLANG_ENABLE_OBJC_ARC = YES;
				CLANG_ENABLE_OBJC_WEAK = YES;
				CLANG_WARN_BLOCK_CAPTURE_AUTORELEASING = YES;
				CLANG_WARN_BOOL_CONVERSION = YES;
				CLANG_WARN_COMMA = YES;
				CLANG_WARN_CONSTANT_CONVERSION = YES;
				CLANG_WARN_DEPRECATED_OBJC_IMPLEMENTATIONS = YES;
				CLANG_WARN_DIRECT_OBJC_ISA_USAGE = YES_ERROR;
				CLANG_WARN_DOCUMENTATION_COMMENTS = YES;
				CLANG_WARN_EMPTY_BODY = YES;
				CLANG_WARN_ENUM_CONVERSION = YES;
				CLANG_WARN_INFINITE_RECURSION = YES;
				CLANG_WARN_INT_CONVERSION = YES;
				CLANG_WARN_NON_LITERAL_NULL_CONVERSION = YES;
				CLANG_WARN_OBJC_IMPLICIT_RETAIN_SELF = YES;
				CLANG_WARN_OBJC_LITERAL_CONVERSION = YES;
				CLANG_WARN_OBJC_ROOT_CLASS = YES_ERROR;
				CLANG_WARN_RANGE_LOOP_ANALYSIS = YES;
				CLANG_WARN_STRICT_PROTOTYPES = YES;
				CLANG_WARN_SUSPICIOUS_MOVE = YES;
				CLANG_WARN_UNGUARDED_AVAILABILITY = YES_AGGRESSIVE;
				CLANG_WARN_UNREACHABLE_CODE = YES;
				CLANG_WARN__DUPLICATE_METHOD_MATCH = YES;
				COPY_PHASE_STRIP = NO;
				DEBUG_INFORMATION_FORMAT = "dwarf-with-dsym";
				ENABLE_NS_ASSERTIONS = NO;
				ENABLE_STRICT_OBJC_MSGSEND = YES;
				GCC_C_LANGUAGE_STANDARD = gnu11;
				GCC_NO_COMMON_BLOCKS = YES;
				GCC_WARN_64_TO_32_BIT_CONVERSION = YES;
				GCC_WARN_ABOUT_RETURN_TYPE = YES_ERROR;
				GCC_WARN_UNDECLARED_SELECTOR = YES;
				GCC_WARN_UNINITIALIZED_AUTOS = YES_AGGRESSIVE;
				GCC_WARN_UNUSED_FUNCTION = YES;
				GCC_WARN_UNUSED_VARIABLE = YES;
				IPHONEOS_DEPLOYMENT_TARGET = 13.2;
				MTL_ENABLE_DEBUG_INFO = NO;
				MTL_FAST_MATH = YES;
				SDKROOT = iphoneos;
				SWIFT_COMPILATION_MODE = wholemodule;
				SWIFT_OPTIMIZATION_LEVEL = "-O";
				VALIDATE_PRODUCT = YES;
			};
			name = Release;
		};
		0D20AF2823D62E4D00D8090B /* Debug */ = {
			isa = XCBuildConfiguration;
			buildSettings = {
				ASSETCATALOG_COMPILER_APPICON_NAME = AppIcon;
				CODE_SIGN_STYLE = Automatic;
				DEVELOPMENT_ASSET_PATHS = "\"WayMovies/Preview Content\"";
				DEVELOPMENT_TEAM = S327B8WXV8;
				ENABLE_PREVIEWS = YES;
				INFOPLIST_FILE = WayMovies/Info.plist;
				LD_RUNPATH_SEARCH_PATHS = (
					"$(inherited)",
					"@executable_path/Frameworks",
				);
				PRODUCT_BUNDLE_IDENTIFIER = com.hersh.WayMovies;
				PRODUCT_NAME = "$(TARGET_NAME)";
				SWIFT_VERSION = 5.0;
				TARGETED_DEVICE_FAMILY = "1,2";
			};
			name = Debug;
		};
		0D20AF2923D62E4D00D8090B /* Release */ = {
			isa = XCBuildConfiguration;
			buildSettings = {
				ASSETCATALOG_COMPILER_APPICON_NAME = AppIcon;
				CODE_SIGN_STYLE = Automatic;
				DEVELOPMENT_ASSET_PATHS = "\"WayMovies/Preview Content\"";
				DEVELOPMENT_TEAM = S327B8WXV8;
				ENABLE_PREVIEWS = YES;
				INFOPLIST_FILE = WayMovies/Info.plist;
				LD_RUNPATH_SEARCH_PATHS = (
					"$(inherited)",
					"@executable_path/Frameworks",
				);
				PRODUCT_BUNDLE_IDENTIFIER = com.hersh.WayMovies;
				PRODUCT_NAME = "$(TARGET_NAME)";
				SWIFT_VERSION = 5.0;
				TARGETED_DEVICE_FAMILY = "1,2";
			};
			name = Release;
		};
/* End XCBuildConfiguration section */

/* Begin XCConfigurationList section */
		0D20AF0E23D62E4B00D8090B /* Build configuration list for PBXProject "WayMovies" */ = {
			isa = XCConfigurationList;
			buildConfigurations = (
				0D20AF2523D62E4D00D8090B /* Debug */,
				0D20AF2623D62E4D00D8090B /* Release */,
			);
			defaultConfigurationIsVisible = 0;
			defaultConfigurationName = Release;
		};
		0D20AF2723D62E4D00D8090B /* Build configuration list for PBXNativeTarget "WayMovies" */ = {
			isa = XCConfigurationList;
			buildConfigurations = (
				0D20AF2823D62E4D00D8090B /* Debug */,
				0D20AF2923D62E4D00D8090B /* Release */,
			);
			defaultConfigurationIsVisible = 0;
			defaultConfigurationName = Release;
		};
/* End XCConfigurationList section */
	};
	rootObject = 0D20AF0B23D62E4B00D8090B /* Project object */;
}
